{
  "name": "evajs-demo",
  "version": "1.0.0",
  "lockfileVersion": 1,
  "requires": true,
  "dependencies": {
    "@eva/eva.js": {
      "version": "1.0.6",
      "resolved": "https://registry.npmjs.org/@eva/eva.js/-/eva.js-1.0.6.tgz",
      "integrity": "sha512-iSbasaH3PBHOp98qzt+Zgy+OiB61p+UK0VE9N26PisM27QH3i6BkRDvfMPb186XE9rtN9CzXMjmWCumYk7rPkQ==",
      "requires": {
        "eventemitter3": "^3.1.2",
        "lodash-es": "^4.17.21",
        "mini-signals": "^1.2.0",
        "parse-uri": "^1.0.3",
        "resource-loader": "^4.0.0-rc4"
      }
    },
    "@eva/plugin-renderer": {
      "version": "1.0.6",
      "resolved": "https://registry.npmjs.org/@eva/plugin-renderer/-/plugin-renderer-1.0.6.tgz",
      "integrity": "sha512-Jp5PyS2G2QEhilFuVuyWiPoL7FCRLtazNT8gkln2wVTvvK0o9Qa8ZTBYppzOpsPoFW0offYuhJUVBCHrJSw/NQ==",
      "requires": {
        "@eva/eva.js": "^1.0.6",
        "@eva/renderer-adapter": "^1.0.6",
        "eventemitter3": "^3.1.2",
        "lodash-es": "^4.17.21",
        "pixi.js": "^4.8.7"
      }
    },
    "@eva/plugin-renderer-img": {
      "version": "1.0.6",
      "resolved": "https://registry.npmjs.org/@eva/plugin-renderer-img/-/plugin-renderer-img-1.0.6.tgz",
      "integrity": "sha512-o7b1JsuZyPBscnR2rGhnkeTsPHkpo0e20F+lQrVg95FoaOsPAC470FH3D0z7TwxZ07vd3UgRSpvKd+lXQB10Kg==",
      "requires": {
        "@eva/eva.js": "^1.0.6",
        "@eva/plugin-renderer": "^1.0.6",
        "@eva/renderer-adapter": "^1.0.6",
        "pixi.js": "^4.8.7"
      }
    },
    "@eva/renderer-adapter": {
      "version": "1.0.6",
      "resolved": "https://registry.npmjs.org/@eva/renderer-adapter/-/renderer-adapter-1.0.6.tgz",
      "integrity": "sha512-44GEOpWw9SXsM/yh7DAGwiQkUWJqIsKfA34QiPdXPfxOlEk1y9aJCLSYqHejqkQIhX8kIxgn8hKr6ZuefAIahg==",
      "requires": {
        "pixi.js": "^4.8.9"
      }
    },
    "bit-twiddle": {
      "version": "1.0.2",
      "resolved": "https://registry.npmjs.org/bit-twiddle/-/bit-twiddle-1.0.2.tgz",
      "integrity": "sha1-DGwfq+KyPRcXPZpht7cJPrnhdp4="
    },
    "earcut": {
      "version": "2.2.2",
      "resolved": "https://registry.npmjs.org/earcut/-/earcut-2.2.2.tgz",
      "integrity": "sha512-eZoZPPJcUHnfRZ0PjLvx2qBordSiO8ofC3vt+qACLM95u+4DovnbYNpQtJh0DNsWj8RnxrQytD4WA8gj5cRIaQ=="
    },
    "esbuild": {
      "version": "0.11.23",
      "resolved": "https://registry.npmjs.org/esbuild/-/esbuild-0.11.23.tgz",
      "integrity": "sha512-iaiZZ9vUF5wJV8ob1tl+5aJTrwDczlvGP0JoMmnpC2B0ppiMCu8n8gmy5ZTGl5bcG081XBVn+U+jP+mPFm5T5Q=="
    },
    "eventemitter3": {
      "version": "3.1.2",
      "resolved": "https://registry.npmjs.org/eventemitter3/-/eventemitter3-3.1.2.tgz",
      "integrity": "sha512-tvtQIeLVHjDkJYnzf2dgVMxfuSGJeM/7UCG17TT4EumTfNtF+0nebF/4zWOIkCreAbtNqhGEboB6BWrwqNaw4Q=="
    },
    "ismobilejs": {
      "version": "0.5.2",
      "resolved": "https://registry.npmjs.org/ismobilejs/-/ismobilejs-0.5.2.tgz",
      "integrity": "sha512-ta9UdV60xVZk/ZafFtSFslQaE76SvNkcs1r73d2PVR21zVzx9xuYv9tNe4MxA1NN7WoeCc2RjGot3Bz1eHDx3Q=="
    },
    "lodash-es": {
      "version": "4.17.21",
      "resolved": "https://registry.npmjs.org/lodash-es/-/lodash-es-4.17.21.tgz",
      "integrity": "sha512-mKnC+QJ9pWVzv+C4/U3rRsHapFfHvQFoFB92e52xeyGMcX6/OlIl78je1u8vePzYZSkkogMPJ2yjxxsb89cxyw=="
    },
    "mini-signals": {
      "version": "1.2.0",
      "resolved": "https://registry.npmjs.org/mini-signals/-/mini-signals-1.2.0.tgz",
      "integrity": "sha1-RbCAE8X65RokqhqTXNMXye1yHXQ="
    },
    "object-assign": {
      "version": "4.1.1",
      "resolved": "https://registry.npmjs.org/object-assign/-/object-assign-4.1.1.tgz",
      "integrity": "sha1-IQmtx5ZYh8/AXLvUQsrIv7s2CGM="
    },
    "parse-uri": {
      "version": "1.0.3",
      "resolved": "https://registry.npmjs.org/parse-uri/-/parse-uri-1.0.3.tgz",
      "integrity": "sha512-upMnGxNcm+45So85HoguwZTVZI9u11i36DdxJfGF2HYWS2eh3TIx7+/tTi7qrEq15qzGkVhsKjesau+kCk48pA=="
    },
    "pixi-gl-core": {
      "version": "1.1.4",
      "resolved": "https://registry.npmjs.org/pixi-gl-core/-/pixi-gl-core-1.1.4.tgz",
      "integrity": "sha1-i0tcQzsx5Bm8N53FZc4bg1qRs3I="
    },
    "pixi.js": {
      "version": "4.8.9",
      "resolved": "https://registry.npmjs.org/pixi.js/-/pixi.js-4.8.9.tgz",
      "integrity": "sha512-YcepG5/bXLAVTSTXaMIU9NeSzwyPq/oMu2oQi6L6iE5giwng02ixVCKgc6/eMv3zl2Ho+teSOLC8R5Wp3jBvLA==",
      "requires": {
        "bit-twiddle": "^1.0.2",
        "earcut": "^2.1.4",
        "eventemitter3": "^2.0.0",
        "ismobilejs": "^0.5.1",
        "object-assign": "^4.0.1",
        "pixi-gl-core": "^1.1.4",
        "remove-array-items": "^1.0.0",
        "resource-loader": "^2.2.3"
      },
      "dependencies": {
        "eventemitter3": {
          "version": "2.0.3",
          "resolved": "https://registry.npmjs.org/eventemitter3/-/eventemitter3-2.0.3.tgz",
          "integrity": "sha1-teEHm1n7XhuidxwKmTvgYKWMmbo="
        },
        "resource-loader": {
          "version": "2.2.4",
          "resolved": "https://registry.npmjs.org/resource-loader/-/resource-loader-2.2.4.tgz",
          "integrity": "sha512-MrY0bEJN26us3h4bzJUSP0n4tFEb79lCpYBavtLjSezWCcXZMgxhSgvC9LxueuqpcxG+qPjhwFu5SQAcUNacdA==",
          "requires": {
            "mini-signals": "^1.1.1",
            "parse-uri": "^1.0.0"
          }
        }
      }
    },
    "remove-array-items": {
      "version": "1.1.1",
      "resolved": "https://registry.npmjs.org/remove-array-items/-/remove-array-items-1.1.1.tgz",
      "integrity": "sha512-MXW/jtHyl5F1PZI7NbpS8SOtympdLuF20aoWJT5lELR1p/HJDd5nqW8Eu9uLh/hCRY3FgvrIT5AwDCgBODklcA=="
    },
    "resource-loader": {
      "version": "4.0.0-rc4",
      "resolved": "https://registry.npmjs.org/resource-loader/-/resource-loader-4.0.0-rc4.tgz",
      "integrity": "sha512-DuGS7xVDnL6rlDj0gU103N8CGGbEPkwqrIoZlL22/rGb97azFHgeb3DG53INW1MZCiAv9MUZfuk9ZxCIMBCM6g==",
      "requires": {
        "parse-uri": "^1.0.0",
        "type-signals": "^1.0.3"
      }
    },
    "type-signals": {
      "version": "1.1.0",
      "resolved": "https://registry.npmjs.org/type-signals/-/type-signals-1.1.0.tgz",
      "integrity": "sha512-JzmQSmRNTIcQofZdYW9RHxAP8rrcq/N5I2fBy+V43oOqikOvsCTYlOIIX40Qpmr5GiRmYrptghIog84E1yz1Zg=="
    }
  }
}
